{
  "originHash" : "03226c45f7a0854527113f506e9f1d3785d0986db2c8bda5fccd7368889f7fef",
  "pins" : [
    {
      "identity" : "audiokit",
      "kind" : "remoteSourceControl",
      "location" : "https://github.com/AudioKit/AudioKit.git",
      "state" : {
        "revision" : "2ebd422855e4645d3169f83d1765d1c8196b4f46",
        "version" : "5.6.4"
      }
    },
    {
      "identity" : "audiokitex",
      "kind" : "remoteSourceControl",
      "location" : "https://github.com/AudioKit/AudioKitEX.git",
      "state" : {
        "revision" : "23e8e3bffd9fbc1dffa72f1d47c7f714dd777288",
        "version" : "5.6.2"
      }
    },
    {
      "identity" : "dunneaudiokit",
      "kind" : "remoteSourceControl",
      "location" : "https://github.com/AudioKit/DunneAudioKit.git",
      "state" : {
        "revision" : "dd0a417239ba345e03ca8ffe936d052d6a8239ea",
        "version" : "5.6.1"
      }
    },
    {
      "identity" : "kissfft",
      "kind" : "remoteSourceControl",
      "location" : "https://github.com/AudioKit/KissFFT",
      "state" : {
        "revision" : "dd0636e151724b8ba2e0908eba4d99a6ff24d00c",
        "version" : "1.0.0"
      }
    },
    {
      "identity" : "waveform",
      "kind" : "remoteSourceControl",
      "location" : "https://github.com/AudioKit/Waveform.git",
      "state" : {
        "revision" : "79103e766434eb32aff9f0b169a469fce0af9ebd",
        "version" : "1.0.2"
      }
    }
  ],
  "version" : 3
}
