// !$*UTF8*$!
{
	archiveVersion = 1;
	classes = {
	};
	objectVersion = 56;
	objects = {

/* Begin PBXBuildFile section */
		C121C3CB2B3615F8006DA284 /* TaskListAppApp.swift in Sources */ = {isa = PBXBuildFile; fileRef = C121C3CA2B3615F8006DA284 /* TaskListAppApp.swift */; };
		C121C3CD2B3615F8006DA284 /* TaskListView.swift in Sources */ = {isa = PBXBuildFile; fileRef = C121C3CC2B3615F8006DA284 /* TaskListView.swift */; };
		C121C3CF2B3615F9006DA284 /* Assets.xcassets in Resources */ = {isa = PBXBuildFile; fileRef = C121C3CE2B3615F9006DA284 /* Assets.xcassets */; };
		C121C3D22B3615F9006DA284 /* Preview Assets.xcassets in Resources */ = {isa = PBXBuildFile; fileRef = C121C3D12B3615F9006DA284 /* Preview Assets.xcassets */; };
		C121C3DC2B361AF0006DA284 /* TasksStore.swift in Sources */ = {isa = PBXBuildFile; fileRef = C121C3DB2B361AF0006DA284 /* TasksStore.swift */; };
		C121C3DE2B363649006DA284 /* TaskDetailsView.swift in Sources */ = {isa = PBXBuildFile; fileRef = C121C3DD2B363649006DA284 /* TaskDetailsView.swift */; };
		C121C3E02B36504D006DA284 /* AddTaskView.swift in Sources */ = {isa = PBXBuildFile; fileRef = C121C3DF2B36504D006DA284 /* AddTaskView.swift */; };
		C1CF06A32B3F460200F6D93A /* TasksStoreTests.swift in Sources */ = {isa = PBXBuildFile; fileRef = C1CF06A22B3F460200F6D93A /* TasksStoreTests.swift */; };
		C1CF06A92B3F465200F6D93A /* TasksStore.swift in Sources */ = {isa = PBXBuildFile; fileRef = C121C3DB2B361AF0006DA284 /* TasksStore.swift */; };
		C1CF06AC2B3F919700F6D93A /* TaskDetailsView.swift in Sources */ = {isa = PBXBuildFile; fileRef = C121C3DD2B363649006DA284 /* TaskDetailsView.swift */; };
		C1CF06AF2B3F927400F6D93A /* TaskCategoryViewModelTests.swift in Sources */ = {isa = PBXBuildFile; fileRef = C1CF06AA2B3F896B00F6D93A /* TaskCategoryViewModelTests.swift */; };
		C1CF06B12B3F92F500F6D93A /* TaskListViewModel.swift in Sources */ = {isa = PBXBuildFile; fileRef = C1CF06B02B3F92F500F6D93A /* TaskListViewModel.swift */; };
		C1CF06B22B3F92F500F6D93A /* TaskListViewModel.swift in Sources */ = {isa = PBXBuildFile; fileRef = C1CF06B02B3F92F500F6D93A /* TaskListViewModel.swift */; };
/* End PBXBuildFile section */

/* Begin PBXContainerItemProxy section */
		C1CF06A42B3F460200F6D93A /* PBXContainerItemProxy */ = {
			isa = PBXContainerItemProxy;
			containerPortal = C121C3BF2B3615F8006DA284 /* Project object */;
			proxyType = 1;
			remoteGlobalIDString = C121C3C62B3615F8006DA284;
			remoteInfo = TaskListApp;
		};
/* End PBXContainerItemProxy section */

/* Begin PBXFileReference section */
		C121C3C72B3615F8006DA284 /* TaskListApp.app */ = {isa = PBXFileReference; explicitFileType = wrapper.application; includeInIndex = 0; path = TaskListApp.app; sourceTree = BUILT_PRODUCTS_DIR; };
		C121C3CA2B3615F8006DA284 /* TaskListAppApp.swift */ = {isa = PBXFileReference; lastKnownFileType = sourcecode.swift; path = TaskListAppApp.swift; sourceTree = "<group>"; };
		C121C3CC2B3615F8006DA284 /* TaskListView.swift */ = {isa = PBXFileReference; lastKnownFileType = sourcecode.swift; path = TaskListView.swift; sourceTree = "<group>"; };
		C121C3CE2B3615F9006DA284 /* Assets.xcassets */ = {isa = PBXFileReference; lastKnownFileType = folder.assetcatalog; path = Assets.xcassets; sourceTree = "<group>"; };
		C121C3D12B3615F9006DA284 /* Preview Assets.xcassets */ = {isa = PBXFileReference; lastKnownFileType = folder.assetcatalog; path = "Preview Assets.xcassets"; sourceTree = "<group>"; };
		C121C3DB2B361AF0006DA284 /* TasksStore.swift */ = {isa = PBXFileReference; lastKnownFileType = sourcecode.swift; path = TasksStore.swift; sourceTree = "<group>"; };
		C121C3DD2B363649006DA284 /* TaskDetailsView.swift */ = {isa = PBXFileReference; lastKnownFileType = sourcecode.swift; path = TaskDetailsView.swift; sourceTree = "<group>"; };
		C121C3DF2B36504D006DA284 /* AddTaskView.swift */ = {isa = PBXFileReference; lastKnownFileType = sourcecode.swift; path = AddTaskView.swift; sourceTree = "<group>"; };
		C1CF06A02B3F460200F6D93A /* TaskListAppTests.xctest */ = {isa = PBXFileReference; explicitFileType = wrapper.cfbundle; includeInIndex = 0; path = TaskListAppTests.xctest; sourceTree = BUILT_PRODUCTS_DIR; };
		C1CF06A22B3F460200F6D93A /* TasksStoreTests.swift */ = {isa = PBXFileReference; lastKnownFileType = sourcecode.swift; path = TasksStoreTests.swift; sourceTree = "<group>"; };
		C1CF06AA2B3F896B00F6D93A /* TaskCategoryViewModelTests.swift */ = {isa = PBXFileReference; lastKnownFileType = sourcecode.swift; path = TaskCategoryViewModelTests.swift; sourceTree = "<group>"; };
		C1CF06B02B3F92F500F6D93A /* TaskListViewModel.swift */ = {isa = PBXFileReference; lastKnownFileType = sourcecode.swift; path = TaskListViewModel.swift; sourceTree = "<group>"; };
/* End PBXFileReference section */

/* Begin PBXFrameworksBuildPhase section */
		C121C3C42B3615F8006DA284 /* Frameworks */ = {
			isa = PBXFrameworksBuildPhase;
			buildActionMask = 2147483647;
			files = (
			);
			runOnlyForDeploymentPostprocessing = 0;
		};
		C1CF069D2B3F460200F6D93A /* Frameworks */ = {
			isa = PBXFrameworksBuildPhase;
			buildActionMask = 2147483647;
			files = (
			);
			runOnlyForDeploymentPostprocessing = 0;
		};
/* End PBXFrameworksBuildPhase section */

/* Begin PBXGroup section */
		C121C3BE2B3615F8006DA284 = {
			isa = PBXGroup;
			children = (
				C121C3C92B3615F8006DA284 /* TaskListApp */,
				C1CF06A12B3F460200F6D93A /* TaskListAppTests */,
				C121C3C82B3615F8006DA284 /* Products */,
			);
			sourceTree = "<group>";
		};
		C121C3C82B3615F8006DA284 /* Products */ = {
			isa = PBXGroup;
			children = (
				C121C3C72B3615F8006DA284 /* TaskListApp.app */,
				C1CF06A02B3F460200F6D93A /* TaskListAppTests.xctest */,
			);
			name = Products;
			sourceTree = "<group>";
		};
		C121C3C92B3615F8006DA284 /* TaskListApp */ = {
			isa = PBXGroup;
			children = (
				C121C3DA2B361A86006DA284 /* App */,
				C121C3D92B3618B3006DA284 /* Views */,
				C121C3D82B3618A9006DA284 /* Models */,
				C121C3D02B3615F9006DA284 /* Preview Content */,
			);
			path = TaskListApp;
			sourceTree = "<group>";
		};
		C121C3D02B3615F9006DA284 /* Preview Content */ = {
			isa = PBXGroup;
			children = (
				C121C3D12B3615F9006DA284 /* Preview Assets.xcassets */,
			);
			path = "Preview Content";
			sourceTree = "<group>";
		};
		C121C3D82B3618A9006DA284 /* Models */ = {
			isa = PBXGroup;
			children = (
				C121C3DB2B361AF0006DA284 /* TasksStore.swift */,
			);
			path = Models;
			sourceTree = "<group>";
		};
		C121C3D92B3618B3006DA284 /* Views */ = {
			isa = PBXGroup;
			children = (
				C121C3CC2B3615F8006DA284 /* TaskListView.swift */,
				C121C3DD2B363649006DA284 /* TaskDetailsView.swift */,
				C121C3DF2B36504D006DA284 /* AddTaskView.swift */,
				C1CF06B02B3F92F500F6D93A /* TaskListViewModel.swift */,
			);
			path = Views;
			sourceTree = "<group>";
		};
		C121C3DA2B361A86006DA284 /* App */ = {
			isa = PBXGroup;
			children = (
				C121C3CA2B3615F8006DA284 /* TaskListAppApp.swift */,
				C121C3CE2B3615F9006DA284 /* Assets.xcassets */,
			);
			path = App;
			sourceTree = "<group>";
		};
		C1CF06A12B3F460200F6D93A /* TaskListAppTests */ = {
			isa = PBXGroup;
			children = (
				C1CF06AA2B3F896B00F6D93A /* TaskCategoryViewModelTests.swift */,
				C1CF06A22B3F460200F6D93A /* TasksStoreTests.swift */,
			);
			path = TaskListAppTests;
			sourceTree = "<group>";
		};
/* End PBXGroup section */

/* Begin PBXNativeTarget section */
		C121C3C62B3615F8006DA284 /* TaskListApp */ = {
			isa = PBXNativeTarget;
			buildConfigurationList = C121C3D52B3615F9006DA284 /* Build configuration list for PBXNativeTarget "TaskListApp" */;
			buildPhases = (
				C121C3C32B3615F8006DA284 /* Sources */,
				C121C3C42B3615F8006DA284 /* Frameworks */,
				C121C3C52B3615F8006DA284 /* Resources */,
			);
			buildRules = (
			);
			dependencies = (
			);
			name = TaskListApp;
			productName = TaskListApp;
			productReference = C121C3C72B3615F8006DA284 /* TaskListApp.app */;
			productType = "com.apple.product-type.application";
		};
		C1CF069F2B3F460200F6D93A /* TaskListAppTests */ = {
			isa = PBXNativeTarget;
			buildConfigurationList = C1CF06A82B3F460200F6D93A /* Build configuration list for PBXNativeTarget "TaskListAppTests" */;
			buildPhases = (
				C1CF069C2B3F460200F6D93A /* Sources */,
				C1CF069D2B3F460200F6D93A /* Frameworks */,
				C1CF069E2B3F460200F6D93A /* Resources */,
			);
			buildRules = (
			);
			dependencies = (
				C1CF06A52B3F460200F6D93A /* PBXTargetDependency */,
			);
			name = TaskListAppTests;
			productName = TaskListAppTests;
			productReference = C1CF06A02B3F460200F6D93A /* TaskListAppTests.xctest */;
			productType = "com.apple.product-type.bundle.unit-test";
		};
/* End PBXNativeTarget section */

/* Begin PBXProject section */
		C121C3BF2B3615F8006DA284 /* Project object */ = {
			isa = PBXProject;
			attributes = {
				BuildIndependentTargetsInParallel = 1;
				LastSwiftUpdateCheck = 1520;
				LastUpgradeCheck = 1520;
				TargetAttributes = {
					C121C3C62B3615F8006DA284 = {
						CreatedOnToolsVersion = 15.2;
					};
					C1CF069F2B3F460200F6D93A = {
						CreatedOnToolsVersion = 15.2;
						TestTargetID = C121C3C62B3615F8006DA284;
					};
				};
			};
			buildConfigurationList = C121C3C22B3615F8006DA284 /* Build configuration list for PBXProject "TaskListApp" */;
			compatibilityVersion = "Xcode 14.0";
			developmentRegion = en;
			hasScannedForEncodings = 0;
			knownRegions = (
				en,
				Base,
			);
			mainGroup = C121C3BE2B3615F8006DA284;
			productRefGroup = C121C3C82B3615F8006DA284 /* Products */;
			projectDirPath = "";
			projectRoot = "";
			targets = (
				C121C3C62B3615F8006DA284 /* TaskListApp */,
				C1CF069F2B3F460200F6D93A /* TaskListAppTests */,
			);
		};
/* End PBXProject section */

/* Begin PBXResourcesBuildPhase section */
		C121C3C52B3615F8006DA284 /* Resources */ = {
			isa = PBXResourcesBuildPhase;
			buildActionMask = 2147483647;
			files = (
				C121C3D22B3615F9006DA284 /* Preview Assets.xcassets in Resources */,
				C121C3CF2B3615F9006DA284 /* Assets.xcassets in Resources */,
			);
			runOnlyForDeploymentPostprocessing = 0;
		};
		C1CF069E2B3F460200F6D93A /* Resources */ = {
			isa = PBXResourcesBuildPhase;
			buildActionMask = 2147483647;
			files = (
			);
			runOnlyForDeploymentPostprocessing = 0;
		};
/* End PBXResourcesBuildPhase section */

/* Begin PBXSourcesBuildPhase section */
		C121C3C32B3615F8006DA284 /* Sources */ = {
			isa = PBXSourcesBuildPhase;
			buildActionMask = 2147483647;
			files = (
				C121C3DE2B363649006DA284 /* TaskDetailsView.swift in Sources */,
				C121C3E02B36504D006DA284 /* AddTaskView.swift in Sources */,
				C121C3DC2B361AF0006DA284 /* TasksStore.swift in Sources */,
				C121C3CD2B3615F8006DA284 /* TaskListView.swift in Sources */,
				C121C3CB2B3615F8006DA284 /* TaskListAppApp.swift in Sources */,
				C1CF06B12B3F92F500F6D93A /* TaskListViewModel.swift in Sources */,
			);
			runOnlyForDeploymentPostprocessing = 0;
		};
		C1CF069C2B3F460200F6D93A /* Sources */ = {
			isa = PBXSourcesBuildPhase;
			buildActionMask = 2147483647;
			files = (
				C1CF06AC2B3F919700F6D93A /* TaskDetailsView.swift in Sources */,
				C1CF06A92B3F465200F6D93A /* TasksStore.swift in Sources */,
				C1CF06B22B3F92F500F6D93A /* TaskListViewModel.swift in Sources */,
				C1CF06A32B3F460200F6D93A /* TasksStoreTests.swift in Sources */,
				C1CF06AF2B3F927400F6D93A /* TaskCategoryViewModelTests.swift in Sources */,
			);
			runOnlyForDeploymentPostprocessing = 0;
		};
/* End PBXSourcesBuildPhase section */

/* Begin PBXTargetDependency section */
		C1CF06A52B3F460200F6D93A /* PBXTargetDependency */ = {
			isa = PBXTargetDependency;
			target = C121C3C62B3615F8006DA284 /* TaskListApp */;
			targetProxy = C1CF06A42B3F460200F6D93A /* PBXContainerItemProxy */;
		};
/* End PBXTargetDependency section */

/* Begin XCBuildConfiguration section */
		C121C3D32B3615F9006DA284 /* Debug */ = {
			isa = XCBuildConfiguration;
			buildSettings = {
				ALWAYS_SEARCH_USER_PATHS = NO;
				ASSETCATALOG_COMPILER_GENERATE_SWIFT_ASSET_SYMBOL_EXTENSIONS = YES;
				CLANG_ANALYZER_NONNULL = YES;
				CLANG_ANALYZER_NUMBER_OBJECT_CONVERSION = YES_AGGRESSIVE;
				CLANG_CXX_LANGUAGE_STANDARD = "gnu++20";
				CLANG_ENABLE_MODULES = YES;
				CLANG_ENABLE_OBJC_ARC = YES;
				CLANG_ENABLE_OBJC_WEAK = YES;
				CLANG_WARN_BLOCK_CAPTURE_AUTORELEASING = YES;
				CLANG_WARN_BOOL_CONVERSION = YES;
				CLANG_WARN_COMMA = YES;
				CLANG_WARN_CONSTANT_CONVERSION = YES;
				CLANG_WARN_DEPRECATED_OBJC_IMPLEMENTATIONS = YES;
				CLANG_WARN_DIRECT_OBJC_ISA_USAGE = YES_ERROR;
				CLANG_WARN_DOCUMENTATION_COMMENTS = YES;
				CLANG_WARN_EMPTY_BODY = YES;
				CLANG_WARN_ENUM_CONVERSION = YES;
				CLANG_WARN_INFINITE_RECURSION = YES;
				CLANG_WARN_INT_CONVERSION = YES;
				CLANG_WARN_NON_LITERAL_NULL_CONVERSION = YES;
				CLANG_WARN_OBJC_IMPLICIT_RETAIN_SELF = YES;
				CLANG_WARN_OBJC_LITERAL_CONVERSION = YES;
				CLANG_WARN_OBJC_ROOT_CLASS = YES_ERROR;
				CLANG_WARN_QUOTED_INCLUDE_IN_FRAMEWORK_HEADER = YES;
				CLANG_WARN_RANGE_LOOP_ANALYSIS = YES;
				CLANG_WARN_STRICT_PROTOTYPES = YES;
				CLANG_WARN_SUSPICIOUS_MOVE = YES;
				CLANG_WARN_UNGUARDED_AVAILABILITY = YES_AGGRESSIVE;
				CLANG_WARN_UNREACHABLE_CODE = YES;
				CLANG_WARN__DUPLICATE_METHOD_MATCH = YES;
				COPY_PHASE_STRIP = NO;
				DEBUG_INFORMATION_FORMAT = dwarf;
				ENABLE_STRICT_OBJC_MSGSEND = YES;
				ENABLE_TESTABILITY = YES;
				ENABLE_USER_SCRIPT_SANDBOXING = YES;
				GCC_C_LANGUAGE_STANDARD = gnu17;
				GCC_DYNAMIC_NO_PIC = NO;
				GCC_NO_COMMON_BLOCKS = YES;
				GCC_OPTIMIZATION_LEVEL = 0;
				GCC_PREPROCESSOR_DEFINITIONS = (
					"DEBUG=1",
					"$(inherited)",
				);
				GCC_WARN_64_TO_32_BIT_CONVERSION = YES;
				GCC_WARN_ABOUT_RETURN_TYPE = YES_ERROR;
				GCC_WARN_UNDECLARED_SELECTOR = YES;
				GCC_WARN_UNINITIALIZED_AUTOS = YES_AGGRESSIVE;
				GCC_WARN_UNUSED_FUNCTION = YES;
				GCC_WARN_UNUSED_VARIABLE = YES;
				IPHONEOS_DEPLOYMENT_TARGET = 17.2;
				LOCALIZATION_PREFERS_STRING_CATALOGS = YES;
				MTL_ENABLE_DEBUG_INFO = INCLUDE_SOURCE;
				MTL_FAST_MATH = YES;
				ONLY_ACTIVE_ARCH = YES;
				SDKROOT = iphoneos;
				SWIFT_ACTIVE_COMPILATION_CONDITIONS = "DEBUG $(inherited)";
				SWIFT_OPTIMIZATION_LEVEL = "-Onone";
			};
			name = Debug;
		};
		C121C3D42B3615F9006DA284 /* Release */ = {
			isa = XCBuildConfiguration;
			buildSettings = {
				ALWAYS_SEARCH_USER_PATHS = NO;
				ASSETCATALOG_COMPILER_GENERATE_SWIFT_ASSET_SYMBOL_EXTENSIONS = YES;
				CLANG_ANALYZER_NONNULL = YES;
				CLANG_ANALYZER_NUMBER_OBJECT_CONVERSION = YES_AGGRESSIVE;
				CLANG_CXX_LANGUAGE_STANDARD = "gnu++20";
				CLANG_ENABLE_MODULES = YES;
				CLANG_ENABLE_OBJC_ARC = YES;
				CLANG_ENABLE_OBJC_WEAK = YES;
				CLANG_WARN_BLOCK_CAPTURE_AUTORELEASING = YES;
				CLANG_WARN_BOOL_CONVERSION = YES;
				CLANG_WARN_COMMA = YES;
				CLANG_WARN_CONSTANT_CONVERSION = YES;
				CLANG_WARN_DEPRECATED_OBJC_IMPLEMENTATIONS = YES;
				CLANG_WARN_DIRECT_OBJC_ISA_USAGE = YES_ERROR;
				CLANG_WARN_DOCUMENTATION_COMMENTS = YES;
				CLANG_WARN_EMPTY_BODY = YES;
				CLANG_WARN_ENUM_CONVERSION = YES;
				CLANG_WARN_INFINITE_RECURSION = YES;
				CLANG_WARN_INT_CONVERSION = YES;
				CLANG_WARN_NON_LITERAL_NULL_CONVERSION = YES;
				CLANG_WARN_OBJC_IMPLICIT_RETAIN_SELF = YES;
				CLANG_WARN_OBJC_LITERAL_CONVERSION = YES;
				CLANG_WARN_OBJC_ROOT_CLASS = YES_ERROR;
				CLANG_WARN_QUOTED_INCLUDE_IN_FRAMEWORK_HEADER = YES;
				CLANG_WARN_RANGE_LOOP_ANALYSIS = YES;
				CLANG_WARN_STRICT_PROTOTYPES = YES;
				CLANG_WARN_SUSPICIOUS_MOVE = YES;
				CLANG_WARN_UNGUARDED_AVAILABILITY = YES_AGGRESSIVE;
				CLANG_WARN_UNREACHABLE_CODE = YES;
				CLANG_WARN__DUPLICATE_METHOD_MATCH = YES;
				COPY_PHASE_STRIP = NO;
				DEBUG_INFORMATION_FORMAT = "dwarf-with-dsym";
				ENABLE_NS_ASSERTIONS = NO;
				ENABLE_STRICT_OBJC_MSGSEND = YES;
				ENABLE_USER_SCRIPT_SANDBOXING = YES;
				GCC_C_LANGUAGE_STANDARD = gnu17;
				GCC_NO_COMMON_BLOCKS = YES;
				GCC_WARN_64_TO_32_BIT_CONVERSION = YES;
				GCC_WARN_ABOUT_RETURN_TYPE = YES_ERROR;
				GCC_WARN_UNDECLARED_SELECTOR = YES;
				GCC_WARN_UNINITIALIZED_AUTOS = YES_AGGRESSIVE;
				GCC_WARN_UNUSED_FUNCTION = YES;
				GCC_WARN_UNUSED_VARIABLE = YES;
				IPHONEOS_DEPLOYMENT_TARGET = 17.2;
				LOCALIZATION_PREFERS_STRING_CATALOGS = YES;
				MTL_ENABLE_DEBUG_INFO = NO;
				MTL_FAST_MATH = YES;
				SDKROOT = iphoneos;
				SWIFT_COMPILATION_MODE = wholemodule;
				VALIDATE_PRODUCT = YES;
			};
			name = Release;
		};
		C121C3D62B3615F9006DA284 /* Debug */ = {
			isa = XCBuildConfiguration;
			buildSettings = {
				ASSETCATALOG_COMPILER_APPICON_NAME = AppIcon;
				ASSETCATALOG_COMPILER_GLOBAL_ACCENT_COLOR_NAME = AccentColor;
				CODE_SIGN_STYLE = Automatic;
				CURRENT_PROJECT_VERSION = 1;
				DEVELOPMENT_ASSET_PATHS = "\"TaskListApp/Preview Content\"";
				DEVELOPMENT_TEAM = C583XJY628;
				ENABLE_PREVIEWS = YES;
				GENERATE_INFOPLIST_FILE = YES;
				INFOPLIST_KEY_UIApplicationSceneManifest_Generation = YES;
				INFOPLIST_KEY_UIApplicationSupportsIndirectInputEvents = YES;
				INFOPLIST_KEY_UILaunchScreen_Generation = YES;
				INFOPLIST_KEY_UISupportedInterfaceOrientations_iPad = "UIInterfaceOrientationPortrait UIInterfaceOrientationPortraitUpsideDown UIInterfaceOrientationLandscapeLeft UIInterfaceOrientationLandscapeRight";
				INFOPLIST_KEY_UISupportedInterfaceOrientations_iPhone = "UIInterfaceOrientationPortrait UIInterfaceOrientationLandscapeLeft UIInterfaceOrientationLandscapeRight";
				LD_RUNPATH_SEARCH_PATHS = (
					"$(inherited)",
					"@executable_path/Frameworks",
				);
				MARKETING_VERSION = 1.0;
				PRODUCT_BUNDLE_IDENTIFIER = com.pwrice.TaskListApp;
				PRODUCT_NAME = "$(TARGET_NAME)";
				SWIFT_EMIT_LOC_STRINGS = YES;
				SWIFT_VERSION = 5.0;
				TARGETED_DEVICE_FAMILY = "1,2";
			};
			name = Debug;
		};
		C121C3D72B3615F9006DA284 /* Release */ = {
			isa = XCBuildConfiguration;
			buildSettings = {
				ASSETCATALOG_COMPILER_APPICON_NAME = AppIcon;
				ASSETCATALOG_COMPILER_GLOBAL_ACCENT_COLOR_NAME = AccentColor;
				CODE_SIGN_STYLE = Automatic;
				CURRENT_PROJECT_VERSION = 1;
				DEVELOPMENT_ASSET_PATHS = "\"TaskListApp/Preview Content\"";
				DEVELOPMENT_TEAM = C583XJY628;
				ENABLE_PREVIEWS = YES;
				GENERATE_INFOPLIST_FILE = YES;
				INFOPLIST_KEY_UIApplicationSceneManifest_Generation = YES;
				INFOPLIST_KEY_UIApplicationSupportsIndirectInputEvents = YES;
				INFOPLIST_KEY_UILaunchScreen_Generation = YES;
				INFOPLIST_KEY_UISupportedInterfaceOrientations_iPad = "UIInterfaceOrientationPortrait UIInterfaceOrientationPortraitUpsideDown UIInterfaceOrientationLandscapeLeft UIInterfaceOrientationLandscapeRight";
				INFOPLIST_KEY_UISupportedInterfaceOrientations_iPhone = "UIInterfaceOrientationPortrait UIInterfaceOrientationLandscapeLeft UIInterfaceOrientationLandscapeRight";
				LD_RUNPATH_SEARCH_PATHS = (
					"$(inherited)",
					"@executable_path/Frameworks",
				);
				MARKETING_VERSION = 1.0;
				PRODUCT_BUNDLE_IDENTIFIER = com.pwrice.TaskListApp;
				PRODUCT_NAME = "$(TARGET_NAME)";
				SWIFT_EMIT_LOC_STRINGS = YES;
				SWIFT_VERSION = 5.0;
				TARGETED_DEVICE_FAMILY = "1,2";
			};
			name = Release;
		};
		C1CF06A62B3F460200F6D93A /* Debug */ = {
			isa = XCBuildConfiguration;
			buildSettings = {
				BUNDLE_LOADER = "$(TEST_HOST)";
				CODE_SIGN_STYLE = Automatic;
				CURRENT_PROJECT_VERSION = 1;
				DEVELOPMENT_TEAM = C583XJY628;
				GENERATE_INFOPLIST_FILE = YES;
				IPHONEOS_DEPLOYMENT_TARGET = 17.2;
				MACOSX_DEPLOYMENT_TARGET = 14.0;
				MARKETING_VERSION = 1.0;
				PRODUCT_BUNDLE_IDENTIFIER = com.pwrice.TaskListAppTests;
				PRODUCT_NAME = "$(TARGET_NAME)";
				SDKROOT = auto;
				SUPPORTED_PLATFORMS = "iphoneos iphonesimulator macosx";
				SWIFT_EMIT_LOC_STRINGS = NO;
				SWIFT_VERSION = 5.0;
				TARGETED_DEVICE_FAMILY = "1,2";
				TEST_HOST = "$(BUILT_PRODUCTS_DIR)/TaskListApp.app/$(BUNDLE_EXECUTABLE_FOLDER_PATH)/TaskListApp";
			};
			name = Debug;
		};
		C1CF06A72B3F460200F6D93A /* Release */ = {
			isa = XCBuildConfiguration;
			buildSettings = {
				BUNDLE_LOADER = "$(TEST_HOST)";
				CODE_SIGN_STYLE = Automatic;
				CURRENT_PROJECT_VERSION = 1;
				DEVELOPMENT_TEAM = C583XJY628;
				GENERATE_INFOPLIST_FILE = YES;
				IPHONEOS_DEPLOYMENT_TARGET = 17.2;
				MACOSX_DEPLOYMENT_TARGET = 14.0;
				MARKETING_VERSION = 1.0;
				PRODUCT_BUNDLE_IDENTIFIER = com.pwrice.TaskListAppTests;
				PRODUCT_NAME = "$(TARGET_NAME)";
				SDKROOT = auto;
				SUPPORTED_PLATFORMS = "iphoneos iphonesimulator macosx";
				SWIFT_EMIT_LOC_STRINGS = NO;
				SWIFT_VERSION = 5.0;
				TARGETED_DEVICE_FAMILY = "1,2";
				TEST_HOST = "$(BUILT_PRODUCTS_DIR)/TaskListApp.app/$(BUNDLE_EXECUTABLE_FOLDER_PATH)/TaskListApp";
			};
			name = Release;
		};
/* End XCBuildConfiguration section */

/* Begin XCConfigurationList section */
		C121C3C22B3615F8006DA284 /* Build configuration list for PBXProject "TaskListApp" */ = {
			isa = XCConfigurationList;
			buildConfigurations = (
				C121C3D32B3615F9006DA284 /* Debug */,
				C121C3D42B3615F9006DA284 /* Release */,
			);
			defaultConfigurationIsVisible = 0;
			defaultConfigurationName = Release;
		};
		C121C3D52B3615F9006DA284 /* Build configuration list for PBXNativeTarget "TaskListApp" */ = {
			isa = XCConfigurationList;
			buildConfigurations = (
				C121C3D62B3615F9006DA284 /* Debug */,
				C121C3D72B3615F9006DA284 /* Release */,
			);
			defaultConfigurationIsVisible = 0;
			defaultConfigurationName = Release;
		};
		C1CF06A82B3F460200F6D93A /* Build configuration list for PBXNativeTarget "TaskListAppTests" */ = {
			isa = XCConfigurationList;
			buildConfigurations = (
				C1CF06A62B3F460200F6D93A /* Debug */,
				C1CF06A72B3F460200F6D93A /* Release */,
			);
			defaultConfigurationIsVisible = 0;
			defaultConfigurationName = Release;
		};
/* End XCConfigurationList section */
	};
	rootObject = C121C3BF2B3615F8006DA284 /* Project object */;
}
