// !$*UTF8*$!
{
	archiveVersion = 1;
	classes = {
	};
	objectVersion = 56;
	objects = {

/* Begin PBXBuildFile section */
		C1FD02712B1BDA140039EFEB /* SimpleColorAppApp.swift in Sources */ = {isa = PBXBuildFile; fileRef = C1FD02702B1BDA140039EFEB /* SimpleColorAppApp.swift */; };
		C1FD02732B1BDA140039EFEB /* ContentView.swift in Sources */ = {isa = PBXBuildFile; fileRef = C1FD02722B1BDA140039EFEB /* ContentView.swift */; };
		C1FD02752B1BDA150039EFEB /* Assets.xcassets in Resources */ = {isa = PBXBuildFile; fileRef = C1FD02742B1BDA150039EFEB /* Assets.xcassets */; };
		C1FD02782B1BDA150039EFEB /* Preview Assets.xcassets in Resources */ = {isa = PBXBuildFile; fileRef = C1FD02772B1BDA150039EFEB /* Preview Assets.xcassets */; };
/* End PBXBuildFile section */

/* Begin PBXContainerItemProxy section */
		C1FD027E2B1BDA150039EFEB /* PBXContainerItemProxy */ = {
			isa = PBXContainerItemProxy;
			containerPortal = C1FD02652B1BDA140039EFEB /* Project object */;
			proxyType = 1;
			remoteGlobalIDString = C1FD026C2B1BDA140039EFEB;
			remoteInfo = SimpleColorApp;
		};
		C1FD02882B1BDA150039EFEB /* PBXContainerItemProxy */ = {
			isa = PBXContainerItemProxy;
			containerPortal = C1FD02652B1BDA140039EFEB /* Project object */;
			proxyType = 1;
			remoteGlobalIDString = C1FD026C2B1BDA140039EFEB;
			remoteInfo = SimpleColorApp;
		};
/* End PBXContainerItemProxy section */

/* Begin PBXFileReference section */
		C1FD026D2B1BDA140039EFEB /* SimpleColorApp.app */ = {isa = PBXFileReference; explicitFileType = wrapper.application; includeInIndex = 0; path = SimpleColorApp.app; sourceTree = BUILT_PRODUCTS_DIR; };
		C1FD02702B1BDA140039EFEB /* SimpleColorAppApp.swift */ = {isa = PBXFileReference; lastKnownFileType = sourcecode.swift; path = SimpleColorAppApp.swift; sourceTree = "<group>"; };
		C1FD02722B1BDA140039EFEB /* ContentView.swift */ = {isa = PBXFileReference; lastKnownFileType = sourcecode.swift; path = ContentView.swift; sourceTree = "<group>"; };
		C1FD02742B1BDA150039EFEB /* Assets.xcassets */ = {isa = PBXFileReference; lastKnownFileType = folder.assetcatalog; path = Assets.xcassets; sourceTree = "<group>"; };
		C1FD02772B1BDA150039EFEB /* Preview Assets.xcassets */ = {isa = PBXFileReference; lastKnownFileType = folder.assetcatalog; path = "Preview Assets.xcassets"; sourceTree = "<group>"; };
		C1FD027D2B1BDA150039EFEB /* SimpleColorAppTests.xctest */ = {isa = PBXFileReference; explicitFileType = wrapper.cfbundle; includeInIndex = 0; path = SimpleColorAppTests.xctest; sourceTree = BUILT_PRODUCTS_DIR; };
		C1FD02872B1BDA150039EFEB /* SimpleColorAppUITests.xctest */ = {isa = PBXFileReference; explicitFileType = wrapper.cfbundle; includeInIndex = 0; path = SimpleColorAppUITests.xctest; sourceTree = BUILT_PRODUCTS_DIR; };
/* End PBXFileReference section */

/* Begin PBXFrameworksBuildPhase section */
		C1FD026A2B1BDA140039EFEB /* Frameworks */ = {
			isa = PBXFrameworksBuildPhase;
			buildActionMask = 2147483647;
			files = (
			);
			runOnlyForDeploymentPostprocessing = 0;
		};
		C1FD027A2B1BDA150039EFEB /* Frameworks */ = {
			isa = PBXFrameworksBuildPhase;
			buildActionMask = 2147483647;
			files = (
			);
			runOnlyForDeploymentPostprocessing = 0;
		};
		C1FD02842B1BDA150039EFEB /* Frameworks */ = {
			isa = PBXFrameworksBuildPhase;
			buildActionMask = 2147483647;
			files = (
			);
			runOnlyForDeploymentPostprocessing = 0;
		};
/* End PBXFrameworksBuildPhase section */

/* Begin PBXGroup section */
		C1FD02642B1BDA140039EFEB = {
			isa = PBXGroup;
			children = (
				C1FD026F2B1BDA140039EFEB /* SimpleColorApp */,
				C1FD026E2B1BDA140039EFEB /* Products */,
			);
			sourceTree = "<group>";
		};
		C1FD026E2B1BDA140039EFEB /* Products */ = {
			isa = PBXGroup;
			children = (
				C1FD026D2B1BDA140039EFEB /* SimpleColorApp.app */,
				C1FD027D2B1BDA150039EFEB /* SimpleColorAppTests.xctest */,
				C1FD02872B1BDA150039EFEB /* SimpleColorAppUITests.xctest */,
			);
			name = Products;
			sourceTree = "<group>";
		};
		C1FD026F2B1BDA140039EFEB /* SimpleColorApp */ = {
			isa = PBXGroup;
			children = (
				C1FD02702B1BDA140039EFEB /* SimpleColorAppApp.swift */,
				C1FD02722B1BDA140039EFEB /* ContentView.swift */,
				C1FD02742B1BDA150039EFEB /* Assets.xcassets */,
				C1FD02762B1BDA150039EFEB /* Preview Content */,
			);
			path = SimpleColorApp;
			sourceTree = "<group>";
		};
		C1FD02762B1BDA150039EFEB /* Preview Content */ = {
			isa = PBXGroup;
			children = (
				C1FD02772B1BDA150039EFEB /* Preview Assets.xcassets */,
			);
			path = "Preview Content";
			sourceTree = "<group>";
		};
/* End PBXGroup section */

/* Begin PBXNativeTarget section */
		C1FD026C2B1BDA140039EFEB /* SimpleColorApp */ = {
			isa = PBXNativeTarget;
			buildConfigurationList = C1FD02912B1BDA150039EFEB /* Build configuration list for PBXNativeTarget "SimpleColorApp" */;
			buildPhases = (
				C1FD02692B1BDA140039EFEB /* Sources */,
				C1FD026A2B1BDA140039EFEB /* Frameworks */,
				C1FD026B2B1BDA140039EFEB /* Resources */,
			);
			buildRules = (
			);
			dependencies = (
			);
			name = SimpleColorApp;
			productName = SimpleColorApp;
			productReference = C1FD026D2B1BDA140039EFEB /* SimpleColorApp.app */;
			productType = "com.apple.product-type.application";
		};
		C1FD027C2B1BDA150039EFEB /* SimpleColorAppTests */ = {
			isa = PBXNativeTarget;
			buildConfigurationList = C1FD02942B1BDA150039EFEB /* Build configuration list for PBXNativeTarget "SimpleColorAppTests" */;
			buildPhases = (
				C1FD02792B1BDA150039EFEB /* Sources */,
				C1FD027A2B1BDA150039EFEB /* Frameworks */,
				C1FD027B2B1BDA150039EFEB /* Resources */,
			);
			buildRules = (
			);
			dependencies = (
				C1FD027F2B1BDA150039EFEB /* PBXTargetDependency */,
			);
			name = SimpleColorAppTests;
			productName = SimpleColorAppTests;
			productReference = C1FD027D2B1BDA150039EFEB /* SimpleColorAppTests.xctest */;
			productType = "com.apple.product-type.bundle.unit-test";
		};
		C1FD02862B1BDA150039EFEB /* SimpleColorAppUITests */ = {
			isa = PBXNativeTarget;
			buildConfigurationList = C1FD02972B1BDA150039EFEB /* Build configuration list for PBXNativeTarget "SimpleColorAppUITests" */;
			buildPhases = (
				C1FD02832B1BDA150039EFEB /* Sources */,
				C1FD02842B1BDA150039EFEB /* Frameworks */,
				C1FD02852B1BDA150039EFEB /* Resources */,
			);
			buildRules = (
			);
			dependencies = (
				C1FD02892B1BDA150039EFEB /* PBXTargetDependency */,
			);
			name = SimpleColorAppUITests;
			productName = SimpleColorAppUITests;
			productReference = C1FD02872B1BDA150039EFEB /* SimpleColorAppUITests.xctest */;
			productType = "com.apple.product-type.bundle.ui-testing";
		};
/* End PBXNativeTarget section */

/* Begin PBXProject section */
		C1FD02652B1BDA140039EFEB /* Project object */ = {
			isa = PBXProject;
			attributes = {
				BuildIndependentTargetsInParallel = 1;
				LastSwiftUpdateCheck = 1510;
				LastUpgradeCheck = 1510;
				TargetAttributes = {
					C1FD026C2B1BDA140039EFEB = {
						CreatedOnToolsVersion = 15.1;
					};
					C1FD027C2B1BDA150039EFEB = {
						CreatedOnToolsVersion = 15.1;
						TestTargetID = C1FD026C2B1BDA140039EFEB;
					};
					C1FD02862B1BDA150039EFEB = {
						CreatedOnToolsVersion = 15.1;
						TestTargetID = C1FD026C2B1BDA140039EFEB;
					};
				};
			};
			buildConfigurationList = C1FD02682B1BDA140039EFEB /* Build configuration list for PBXProject "SimpleColorApp" */;
			compatibilityVersion = "Xcode 14.0";
			developmentRegion = en;
			hasScannedForEncodings = 0;
			knownRegions = (
				en,
				Base,
			);
			mainGroup = C1FD02642B1BDA140039EFEB;
			productRefGroup = C1FD026E2B1BDA140039EFEB /* Products */;
			projectDirPath = "";
			projectRoot = "";
			targets = (
				C1FD026C2B1BDA140039EFEB /* SimpleColorApp */,
				C1FD027C2B1BDA150039EFEB /* SimpleColorAppTests */,
				C1FD02862B1BDA150039EFEB /* SimpleColorAppUITests */,
			);
		};
/* End PBXProject section */

/* Begin PBXResourcesBuildPhase section */
		C1FD026B2B1BDA140039EFEB /* Resources */ = {
			isa = PBXResourcesBuildPhase;
			buildActionMask = 2147483647;
			files = (
				C1FD02782B1BDA150039EFEB /* Preview Assets.xcassets in Resources */,
				C1FD02752B1BDA150039EFEB /* Assets.xcassets in Resources */,
			);
			runOnlyForDeploymentPostprocessing = 0;
		};
		C1FD027B2B1BDA150039EFEB /* Resources */ = {
			isa = PBXResourcesBuildPhase;
			buildActionMask = 2147483647;
			files = (
			);
			runOnlyForDeploymentPostprocessing = 0;
		};
		C1FD02852B1BDA150039EFEB /* Resources */ = {
			isa = PBXResourcesBuildPhase;
			buildActionMask = 2147483647;
			files = (
			);
			runOnlyForDeploymentPostprocessing = 0;
		};
/* End PBXResourcesBuildPhase section */

/* Begin PBXSourcesBuildPhase section */
		C1FD02692B1BDA140039EFEB /* Sources */ = {
			isa = PBXSourcesBuildPhase;
			buildActionMask = 2147483647;
			files = (
				C1FD02732B1BDA140039EFEB /* ContentView.swift in Sources */,
				C1FD02712B1BDA140039EFEB /* SimpleColorAppApp.swift in Sources */,
			);
			runOnlyForDeploymentPostprocessing = 0;
		};
		C1FD02792B1BDA150039EFEB /* Sources */ = {
			isa = PBXSourcesBuildPhase;
			buildActionMask = 2147483647;
			files = (
			);
			runOnlyForDeploymentPostprocessing = 0;
		};
		C1FD02832B1BDA150039EFEB /* Sources */ = {
			isa = PBXSourcesBuildPhase;
			buildActionMask = 2147483647;
			files = (
			);
			runOnlyForDeploymentPostprocessing = 0;
		};
/* End PBXSourcesBuildPhase section */

/* Begin PBXTargetDependency section */
		C1FD027F2B1BDA150039EFEB /* PBXTargetDependency */ = {
			isa = PBXTargetDependency;
			target = C1FD026C2B1BDA140039EFEB /* SimpleColorApp */;
			targetProxy = C1FD027E2B1BDA150039EFEB /* PBXContainerItemProxy */;
		};
		C1FD02892B1BDA150039EFEB /* PBXTargetDependency */ = {
			isa = PBXTargetDependency;
			target = C1FD026C2B1BDA140039EFEB /* SimpleColorApp */;
			targetProxy = C1FD02882B1BDA150039EFEB /* PBXContainerItemProxy */;
		};
/* End PBXTargetDependency section */

/* Begin XCBuildConfiguration section */
		C1FD028F2B1BDA150039EFEB /* Debug */ = {
			isa = XCBuildConfiguration;
			buildSettings = {
				ALWAYS_SEARCH_USER_PATHS = NO;
				ASSETCATALOG_COMPILER_GENERATE_SWIFT_ASSET_SYMBOL_EXTENSIONS = YES;
				CLANG_ANALYZER_NONNULL = YES;
				CLANG_ANALYZER_NUMBER_OBJECT_CONVERSION = YES_AGGRESSIVE;
				CLANG_CXX_LANGUAGE_STANDARD = "gnu++20";
				CLANG_ENABLE_MODULES = YES;
				CLANG_ENABLE_OBJC_ARC = YES;
				CLANG_ENABLE_OBJC_WEAK = YES;
				CLANG_WARN_BLOCK_CAPTURE_AUTORELEASING = YES;
				CLANG_WARN_BOOL_CONVERSION = YES;
				CLANG_WARN_COMMA = YES;
				CLANG_WARN_CONSTANT_CONVERSION = YES;
				CLANG_WARN_DEPRECATED_OBJC_IMPLEMENTATIONS = YES;
				CLANG_WARN_DIRECT_OBJC_ISA_USAGE = YES_ERROR;
				CLANG_WARN_DOCUMENTATION_COMMENTS = YES;
				CLANG_WARN_EMPTY_BODY = YES;
				CLANG_WARN_ENUM_CONVERSION = YES;
				CLANG_WARN_INFINITE_RECURSION = YES;
				CLANG_WARN_INT_CONVERSION = YES;
				CLANG_WARN_NON_LITERAL_NULL_CONVERSION = YES;
				CLANG_WARN_OBJC_IMPLICIT_RETAIN_SELF = YES;
				CLANG_WARN_OBJC_LITERAL_CONVERSION = YES;
				CLANG_WARN_OBJC_ROOT_CLASS = YES_ERROR;
				CLANG_WARN_QUOTED_INCLUDE_IN_FRAMEWORK_HEADER = YES;
				CLANG_WARN_RANGE_LOOP_ANALYSIS = YES;
				CLANG_WARN_STRICT_PROTOTYPES = YES;
				CLANG_WARN_SUSPICIOUS_MOVE = YES;
				CLANG_WARN_UNGUARDED_AVAILABILITY = YES_AGGRESSIVE;
				CLANG_WARN_UNREACHABLE_CODE = YES;
				CLANG_WARN__DUPLICATE_METHOD_MATCH = YES;
				COPY_PHASE_STRIP = NO;
				DEBUG_INFORMATION_FORMAT = dwarf;
				ENABLE_STRICT_OBJC_MSGSEND = YES;
				ENABLE_TESTABILITY = YES;
				ENABLE_USER_SCRIPT_SANDBOXING = YES;
				GCC_C_LANGUAGE_STANDARD = gnu17;
				GCC_DYNAMIC_NO_PIC = NO;
				GCC_NO_COMMON_BLOCKS = YES;
				GCC_OPTIMIZATION_LEVEL = 0;
				GCC_PREPROCESSOR_DEFINITIONS = (
					"DEBUG=1",
					"$(inherited)",
				);
				GCC_WARN_64_TO_32_BIT_CONVERSION = YES;
				GCC_WARN_ABOUT_RETURN_TYPE = YES_ERROR;
				GCC_WARN_UNDECLARED_SELECTOR = YES;
				GCC_WARN_UNINITIALIZED_AUTOS = YES_AGGRESSIVE;
				GCC_WARN_UNUSED_FUNCTION = YES;
				GCC_WARN_UNUSED_VARIABLE = YES;
				IPHONEOS_DEPLOYMENT_TARGET = 17.2;
				LOCALIZATION_PREFERS_STRING_CATALOGS = YES;
				MTL_ENABLE_DEBUG_INFO = INCLUDE_SOURCE;
				MTL_FAST_MATH = YES;
				ONLY_ACTIVE_ARCH = YES;
				SDKROOT = iphoneos;
				SWIFT_ACTIVE_COMPILATION_CONDITIONS = "DEBUG $(inherited)";
				SWIFT_OPTIMIZATION_LEVEL = "-Onone";
			};
			name = Debug;
		};
		C1FD02902B1BDA150039EFEB /* Release */ = {
			isa = XCBuildConfiguration;
			buildSettings = {
				ALWAYS_SEARCH_USER_PATHS = NO;
				ASSETCATALOG_COMPILER_GENERATE_SWIFT_ASSET_SYMBOL_EXTENSIONS = YES;
				CLANG_ANALYZER_NONNULL = YES;
				CLANG_ANALYZER_NUMBER_OBJECT_CONVERSION = YES_AGGRESSIVE;
				CLANG_CXX_LANGUAGE_STANDARD = "gnu++20";
				CLANG_ENABLE_MODULES = YES;
				CLANG_ENABLE_OBJC_ARC = YES;
				CLANG_ENABLE_OBJC_WEAK = YES;
				CLANG_WARN_BLOCK_CAPTURE_AUTORELEASING = YES;
				CLANG_WARN_BOOL_CONVERSION = YES;
				CLANG_WARN_COMMA = YES;
				CLANG_WARN_CONSTANT_CONVERSION = YES;
				CLANG_WARN_DEPRECATED_OBJC_IMPLEMENTATIONS = YES;
				CLANG_WARN_DIRECT_OBJC_ISA_USAGE = YES_ERROR;
				CLANG_WARN_DOCUMENTATION_COMMENTS = YES;
				CLANG_WARN_EMPTY_BODY = YES;
				CLANG_WARN_ENUM_CONVERSION = YES;
				CLANG_WARN_INFINITE_RECURSION = YES;
				CLANG_WARN_INT_CONVERSION = YES;
				CLANG_WARN_NON_LITERAL_NULL_CONVERSION = YES;
				CLANG_WARN_OBJC_IMPLICIT_RETAIN_SELF = YES;
				CLANG_WARN_OBJC_LITERAL_CONVERSION = YES;
				CLANG_WARN_OBJC_ROOT_CLASS = YES_ERROR;
				CLANG_WARN_QUOTED_INCLUDE_IN_FRAMEWORK_HEADER = YES;
				CLANG_WARN_RANGE_LOOP_ANALYSIS = YES;
				CLANG_WARN_STRICT_PROTOTYPES = YES;
				CLANG_WARN_SUSPICIOUS_MOVE = YES;
				CLANG_WARN_UNGUARDED_AVAILABILITY = YES_AGGRESSIVE;
				CLANG_WARN_UNREACHABLE_CODE = YES;
				CLANG_WARN__DUPLICATE_METHOD_MATCH = YES;
				COPY_PHASE_STRIP = NO;
				DEBUG_INFORMATION_FORMAT = "dwarf-with-dsym";
				ENABLE_NS_ASSERTIONS = NO;
				ENABLE_STRICT_OBJC_MSGSEND = YES;
				ENABLE_USER_SCRIPT_SANDBOXING = YES;
				GCC_C_LANGUAGE_STANDARD = gnu17;
				GCC_NO_COMMON_BLOCKS = YES;
				GCC_WARN_64_TO_32_BIT_CONVERSION = YES;
				GCC_WARN_ABOUT_RETURN_TYPE = YES_ERROR;
				GCC_WARN_UNDECLARED_SELECTOR = YES;
				GCC_WARN_UNINITIALIZED_AUTOS = YES_AGGRESSIVE;
				GCC_WARN_UNUSED_FUNCTION = YES;
				GCC_WARN_UNUSED_VARIABLE = YES;
				IPHONEOS_DEPLOYMENT_TARGET = 17.2;
				LOCALIZATION_PREFERS_STRING_CATALOGS = YES;
				MTL_ENABLE_DEBUG_INFO = NO;
				MTL_FAST_MATH = YES;
				SDKROOT = iphoneos;
				SWIFT_COMPILATION_MODE = wholemodule;
				VALIDATE_PRODUCT = YES;
			};
			name = Release;
		};
		C1FD02922B1BDA150039EFEB /* Debug */ = {
			isa = XCBuildConfiguration;
			buildSettings = {
				ASSETCATALOG_COMPILER_APPICON_NAME = AppIcon;
				ASSETCATALOG_COMPILER_GLOBAL_ACCENT_COLOR_NAME = AccentColor;
				CODE_SIGN_STYLE = Automatic;
				CURRENT_PROJECT_VERSION = 1;
				DEVELOPMENT_ASSET_PATHS = "\"SimpleColorApp/Preview Content\"";
				DEVELOPMENT_TEAM = C583XJY628;
				ENABLE_PREVIEWS = YES;
				GENERATE_INFOPLIST_FILE = YES;
				INFOPLIST_KEY_UIApplicationSceneManifest_Generation = YES;
				INFOPLIST_KEY_UIApplicationSupportsIndirectInputEvents = YES;
				INFOPLIST_KEY_UILaunchScreen_Generation = YES;
				INFOPLIST_KEY_UISupportedInterfaceOrientations_iPad = "UIInterfaceOrientationPortrait UIInterfaceOrientationPortraitUpsideDown UIInterfaceOrientationLandscapeLeft UIInterfaceOrientationLandscapeRight";
				INFOPLIST_KEY_UISupportedInterfaceOrientations_iPhone = "UIInterfaceOrientationPortrait UIInterfaceOrientationLandscapeLeft UIInterfaceOrientationLandscapeRight";
				LD_RUNPATH_SEARCH_PATHS = (
					"$(inherited)",
					"@executable_path/Frameworks",
				);
				MARKETING_VERSION = 1.0;
				PRODUCT_BUNDLE_IDENTIFIER = com.pwrice.SimpleColorApp;
				PRODUCT_NAME = "$(TARGET_NAME)";
				SWIFT_EMIT_LOC_STRINGS = YES;
				SWIFT_VERSION = 5.0;
				TARGETED_DEVICE_FAMILY = "1,2";
			};
			name = Debug;
		};
		C1FD02932B1BDA150039EFEB /* Release */ = {
			isa = XCBuildConfiguration;
			buildSettings = {
				ASSETCATALOG_COMPILER_APPICON_NAME = AppIcon;
				ASSETCATALOG_COMPILER_GLOBAL_ACCENT_COLOR_NAME = AccentColor;
				CODE_SIGN_STYLE = Automatic;
				CURRENT_PROJECT_VERSION = 1;
				DEVELOPMENT_ASSET_PATHS = "\"SimpleColorApp/Preview Content\"";
				DEVELOPMENT_TEAM = C583XJY628;
				ENABLE_PREVIEWS = YES;
				GENERATE_INFOPLIST_FILE = YES;
				INFOPLIST_KEY_UIApplicationSceneManifest_Generation = YES;
				INFOPLIST_KEY_UIApplicationSupportsIndirectInputEvents = YES;
				INFOPLIST_KEY_UILaunchScreen_Generation = YES;
				INFOPLIST_KEY_UISupportedInterfaceOrientations_iPad = "UIInterfaceOrientationPortrait UIInterfaceOrientationPortraitUpsideDown UIInterfaceOrientationLandscapeLeft UIInterfaceOrientationLandscapeRight";
				INFOPLIST_KEY_UISupportedInterfaceOrientations_iPhone = "UIInterfaceOrientationPortrait UIInterfaceOrientationLandscapeLeft UIInterfaceOrientationLandscapeRight";
				LD_RUNPATH_SEARCH_PATHS = (
					"$(inherited)",
					"@executable_path/Frameworks",
				);
				MARKETING_VERSION = 1.0;
				PRODUCT_BUNDLE_IDENTIFIER = com.pwrice.SimpleColorApp;
				PRODUCT_NAME = "$(TARGET_NAME)";
				SWIFT_EMIT_LOC_STRINGS = YES;
				SWIFT_VERSION = 5.0;
				TARGETED_DEVICE_FAMILY = "1,2";
			};
			name = Release;
		};
		C1FD02952B1BDA150039EFEB /* Debug */ = {
			isa = XCBuildConfiguration;
			buildSettings = {
				ALWAYS_EMBED_SWIFT_STANDARD_LIBRARIES = YES;
				BUNDLE_LOADER = "$(TEST_HOST)";
				CODE_SIGN_STYLE = Automatic;
				CURRENT_PROJECT_VERSION = 1;
				DEVELOPMENT_TEAM = C583XJY628;
				GENERATE_INFOPLIST_FILE = YES;
				IPHONEOS_DEPLOYMENT_TARGET = 17.2;
				MARKETING_VERSION = 1.0;
				PRODUCT_BUNDLE_IDENTIFIER = com.pwrice.SimpleColorAppTests;
				PRODUCT_NAME = "$(TARGET_NAME)";
				SWIFT_EMIT_LOC_STRINGS = NO;
				SWIFT_VERSION = 5.0;
				TARGETED_DEVICE_FAMILY = "1,2";
				TEST_HOST = "$(BUILT_PRODUCTS_DIR)/SimpleColorApp.app/$(BUNDLE_EXECUTABLE_FOLDER_PATH)/SimpleColorApp";
			};
			name = Debug;
		};
		C1FD02962B1BDA150039EFEB /* Release */ = {
			isa = XCBuildConfiguration;
			buildSettings = {
				ALWAYS_EMBED_SWIFT_STANDARD_LIBRARIES = YES;
				BUNDLE_LOADER = "$(TEST_HOST)";
				CODE_SIGN_STYLE = Automatic;
				CURRENT_PROJECT_VERSION = 1;
				DEVELOPMENT_TEAM = C583XJY628;
				GENERATE_INFOPLIST_FILE = YES;
				IPHONEOS_DEPLOYMENT_TARGET = 17.2;
				MARKETING_VERSION = 1.0;
				PRODUCT_BUNDLE_IDENTIFIER = com.pwrice.SimpleColorAppTests;
				PRODUCT_NAME = "$(TARGET_NAME)";
				SWIFT_EMIT_LOC_STRINGS = NO;
				SWIFT_VERSION = 5.0;
				TARGETED_DEVICE_FAMILY = "1,2";
				TEST_HOST = "$(BUILT_PRODUCTS_DIR)/SimpleColorApp.app/$(BUNDLE_EXECUTABLE_FOLDER_PATH)/SimpleColorApp";
			};
			name = Release;
		};
		C1FD02982B1BDA150039EFEB /* Debug */ = {
			isa = XCBuildConfiguration;
			buildSettings = {
				ALWAYS_EMBED_SWIFT_STANDARD_LIBRARIES = YES;
				CODE_SIGN_STYLE = Automatic;
				CURRENT_PROJECT_VERSION = 1;
				DEVELOPMENT_TEAM = C583XJY628;
				GENERATE_INFOPLIST_FILE = YES;
				MARKETING_VERSION = 1.0;
				PRODUCT_BUNDLE_IDENTIFIER = com.pwrice.SimpleColorAppUITests;
				PRODUCT_NAME = "$(TARGET_NAME)";
				SWIFT_EMIT_LOC_STRINGS = NO;
				SWIFT_VERSION = 5.0;
				TARGETED_DEVICE_FAMILY = "1,2";
				TEST_TARGET_NAME = SimpleColorApp;
			};
			name = Debug;
		};
		C1FD02992B1BDA150039EFEB /* Release */ = {
			isa = XCBuildConfiguration;
			buildSettings = {
				ALWAYS_EMBED_SWIFT_STANDARD_LIBRARIES = YES;
				CODE_SIGN_STYLE = Automatic;
				CURRENT_PROJECT_VERSION = 1;
				DEVELOPMENT_TEAM = C583XJY628;
				GENERATE_INFOPLIST_FILE = YES;
				MARKETING_VERSION = 1.0;
				PRODUCT_BUNDLE_IDENTIFIER = com.pwrice.SimpleColorAppUITests;
				PRODUCT_NAME = "$(TARGET_NAME)";
				SWIFT_EMIT_LOC_STRINGS = NO;
				SWIFT_VERSION = 5.0;
				TARGETED_DEVICE_FAMILY = "1,2";
				TEST_TARGET_NAME = SimpleColorApp;
			};
			name = Release;
		};
/* End XCBuildConfiguration section */

/* Begin XCConfigurationList section */
		C1FD02682B1BDA140039EFEB /* Build configuration list for PBXProject "SimpleColorApp" */ = {
			isa = XCConfigurationList;
			buildConfigurations = (
				C1FD028F2B1BDA150039EFEB /* Debug */,
				C1FD02902B1BDA150039EFEB /* Release */,
			);
			defaultConfigurationIsVisible = 0;
			defaultConfigurationName = Release;
		};
		C1FD02912B1BDA150039EFEB /* Build configuration list for PBXNativeTarget "SimpleColorApp" */ = {
			isa = XCConfigurationList;
			buildConfigurations = (
				C1FD02922B1BDA150039EFEB /* Debug */,
				C1FD02932B1BDA150039EFEB /* Release */,
			);
			defaultConfigurationIsVisible = 0;
			defaultConfigurationName = Release;
		};
		C1FD02942B1BDA150039EFEB /* Build configuration list for PBXNativeTarget "SimpleColorAppTests" */ = {
			isa = XCConfigurationList;
			buildConfigurations = (
				C1FD02952B1BDA150039EFEB /* Debug */,
				C1FD02962B1BDA150039EFEB /* Release */,
			);
			defaultConfigurationIsVisible = 0;
			defaultConfigurationName = Release;
		};
		C1FD02972B1BDA150039EFEB /* Build configuration list for PBXNativeTarget "SimpleColorAppUITests" */ = {
			isa = XCConfigurationList;
			buildConfigurations = (
				C1FD02982B1BDA150039EFEB /* Debug */,
				C1FD02992B1BDA150039EFEB /* Release */,
			);
			defaultConfigurationIsVisible = 0;
			defaultConfigurationName = Release;
		};
/* End XCConfigurationList section */
	};
	rootObject = C1FD02652B1BDA140039EFEB /* Project object */;
}
